PODS:
  - MRGLaunchImageViewController (0.1.4)

DEPENDENCIES:
  - MRGLaunchImageViewController (from `../`)

EXTERNAL SOURCES:
  MRGLaunchImageViewController:
    :path: "../"

SPEC CHECKSUMS:
  MRGLaunchImageViewController: 5e546e3951a5129ac6912fb909ee63ef4dc92945

PODFILE CHECKSUM: 329cff9e1f9650e473a54a13905f97be4d9d2744

COCOAPODS: 1.5.3
