PODS:
  - MRGLaunchImageViewController (1.1)

DEPENDENCIES:
  - MRGLaunchImageViewController (from `../`)

EXTERNAL SOURCES:
  MRGLaunchImageViewController:
    :path: "../"

SPEC CHECKSUMS:
  MRGLaunchImageViewController: 7a4d341bdde4cb7640ccaef31be58052e981e72b

PODFILE CHECKSUM: 41a672aad945fbc8601f0bcdec9f9bd2627a4b7c

COCOAPODS: 1.11.3
